PODS:
  - Base64 (1.0.1)
  - Expecta (0.3.2)
  - ISO8601DateFormatter (0.7)
  - MPSCategories (0.1.0)
  - OCMock (3.1.2)
  - SAMCategories (0.5.2)
  - Specta (0.3.2)

DEPENDENCIES:
  - Base64 (~> 1.0)
  - Expecta (~> 0.3)
  - ISO8601DateFormatter (~> 0.7)
  - MPSCategories (~> 0.1)
  - OCMock (~> 3.1)
  - SAMCategories (~> 0.4)
  - Specta (~> 0.3)

SPEC CHECKSUMS:
  Base64: c6d74f31f150543b246a07e180ba813c88e59311
  Expecta: ee641011fe10aa1855d487b40e4976dac50ec342
  ISO8601DateFormatter: 59731cd880cf87e71b4fa95f0d6b713dcbc4cbce
  MPSCategories: c0b9f8ba6ed2a96ce65c1412ea920c1a182163d1
  OCMock: ecdd510b73ef397f2f97274785c1e87fd147c49f
  SAMCategories: dc26f9dc67d371d22f391ee2173bc607a887912e
  Specta: 698a58ffa5ec948327d3b92eab50ca58d7f4fbe8

COCOAPODS: 0.36.0.beta.2
